{
  "name": "eebography",
  "version": "1.0.0",
  "lockfileVersion": 2,
  "requires": true,
  "packages": {
    "": {
      "name": "eebography",
      "version": "1.0.0",
      "license": "ISC",
      "dependencies": {
        "fontsampler-js": "^0.0.15"
      }
    },
    "node_modules/dropkickjs": {
      "version": "2.2.4",
      "resolved": "https://registry.npmjs.org/dropkickjs/-/dropkickjs-2.2.4.tgz",
      "integrity": "sha512-Y+F0/vMbv1kSkftNRiMBpEwyrL2afe2IyNWYMyefIhCkoc98u31XKY02QjN1WLtAJ3c0PKettu0JblWIQR4DVQ==",
      "engines": {
        "node": ">= 4"
      }
    },
    "node_modules/extend": {
      "version": "3.0.2",
      "resolved": "https://registry.npmjs.org/extend/-/extend-3.0.2.tgz",
      "integrity": "sha512-fjquC59cD7CyW6urNXK0FBufkZcoiGG80wTuPujX590cB5Ttln20E2UB4S/WARVqhXffZl2LNgS+gQdPIIim/g=="
    },
    "node_modules/fontfaceobserver": {
      "version": "2.1.0",
      "resolved": "https://registry.npmjs.org/fontfaceobserver/-/fontfaceobserver-2.1.0.tgz",
      "integrity": "sha512-ReOsO2F66jUa0jmv2nlM/s1MiutJx/srhAe2+TE8dJCMi02ZZOcCTxTCQFr3Yet+uODUtnr4Mewg+tNQ+4V1Ng=="
    },
    "node_modules/fontsampler-js": {
      "version": "0.0.15",
      "resolved": "https://registry.npmjs.org/fontsampler-js/-/fontsampler-js-0.0.15.tgz",
      "integrity": "sha512-h5NtrkEpbZITVRN0RF8bOAXkm8tRujUxT7H3rJSZZhhXqYv8/4TgVgdxxjCF7sZMfAELuPa2tRsmSI3uHQHwlA==",
      "dependencies": {
        "dropkickjs": "^2.2.4",
        "extend": "^3.0.2",
        "fontfaceobserver": "^2.1.0",
        "rangeslider-pure": "^0.4.9",
        "woff2-feature-test": "^1.0.3"
      }
    },
    "node_modules/rangeslider-pure": {
      "version": "0.4.11",
      "resolved": "https://registry.npmjs.org/rangeslider-pure/-/rangeslider-pure-0.4.11.tgz",
      "integrity": "sha512-/dI1OFYj4chJuIUiUc3XlefSTDff8mAQyE0Yjke4Ozta+GsOtZaSV2U5AkUTFmE0ngMKYb23h5G1iAUJ5o8C8w==",
      "engines": {
        "node": ">=6.0.0"
      }
    },
    "node_modules/woff2-feature-test": {
      "version": "1.0.3",
      "resolved": "https://registry.npmjs.org/woff2-feature-test/-/woff2-feature-test-1.0.3.tgz",
      "integrity": "sha512-WsIvIE12AXlCAWXUKKHCClwXHxNic7b4ca+xJ+c3D09Q715KEzBdDQ3mbaLA9h/PkL/j2V6XATqOi4l15gk6dQ=="
    }
  },
  "dependencies": {
    "dropkickjs": {
      "version": "2.2.4",
      "resolved": "https://registry.npmjs.org/dropkickjs/-/dropkickjs-2.2.4.tgz",
      "integrity": "sha512-Y+F0/vMbv1kSkftNRiMBpEwyrL2afe2IyNWYMyefIhCkoc98u31XKY02QjN1WLtAJ3c0PKettu0JblWIQR4DVQ=="
    },
    "extend": {
      "version": "3.0.2",
      "resolved": "https://registry.npmjs.org/extend/-/extend-3.0.2.tgz",
      "integrity": "sha512-fjquC59cD7CyW6urNXK0FBufkZcoiGG80wTuPujX590cB5Ttln20E2UB4S/WARVqhXffZl2LNgS+gQdPIIim/g=="
    },
    "fontfaceobserver": {
      "version": "2.1.0",
      "resolved": "https://registry.npmjs.org/fontfaceobserver/-/fontfaceobserver-2.1.0.tgz",
      "integrity": "sha512-ReOsO2F66jUa0jmv2nlM/s1MiutJx/srhAe2+TE8dJCMi02ZZOcCTxTCQFr3Yet+uODUtnr4Mewg+tNQ+4V1Ng=="
    },
    "fontsampler-js": {
      "version": "0.0.15",
      "resolved": "https://registry.npmjs.org/fontsampler-js/-/fontsampler-js-0.0.15.tgz",
      "integrity": "sha512-h5NtrkEpbZITVRN0RF8bOAXkm8tRujUxT7H3rJSZZhhXqYv8/4TgVgdxxjCF7sZMfAELuPa2tRsmSI3uHQHwlA==",
      "requires": {
        "dropkickjs": "^2.2.4",
        "extend": "^3.0.2",
        "fontfaceobserver": "^2.1.0",
        "rangeslider-pure": "^0.4.9",
        "woff2-feature-test": "^1.0.3"
      }
    },
    "rangeslider-pure": {
      "version": "0.4.11",
      "resolved": "https://registry.npmjs.org/rangeslider-pure/-/rangeslider-pure-0.4.11.tgz",
      "integrity": "sha512-/dI1OFYj4chJuIUiUc3XlefSTDff8mAQyE0Yjke4Ozta+GsOtZaSV2U5AkUTFmE0ngMKYb23h5G1iAUJ5o8C8w=="
    },
    "woff2-feature-test": {
      "version": "1.0.3",
      "resolved": "https://registry.npmjs.org/woff2-feature-test/-/woff2-feature-test-1.0.3.tgz",
      "integrity": "sha512-WsIvIE12AXlCAWXUKKHCClwXHxNic7b4ca+xJ+c3D09Q715KEzBdDQ3mbaLA9h/PkL/j2V6XATqOi4l15gk6dQ=="
    }
  }
}
